<?xml version="1.0" encoding="utf-8"?>
<Project ToolsVersion="4.0" xmlns="http://schemas.microsoft.com/developer/msbuild/2003">
  <ItemGroup>
    <Filter Include="源文件">
      <UniqueIdentifier>{4FC737F1-C7A5-4376-A066-2A32D752A2FF}</UniqueIdentifier>
      <Extensions>cpp;c;cc;cxx;c++;cppm;ixx;def;odl;idl;hpj;bat;asm;asmx</Extensions>
    </Filter>
    <Filter Include="头文件">
      <UniqueIdentifier>{93995380-89BD-4b04-88EB-625FBE52EBFB}</UniqueIdentifier>
      <Extensions>h;hh;hpp;hxx;h++;hm;inl;inc;ipp;xsd</Extensions>
    </Filter>
    <Filter Include="资源文件">
      <UniqueIdentifier>{67DA6AB6-F800-4c08-8B7A-83BB121AAD01}</UniqueIdentifier>
      <Extensions>rc;ico;cur;bmp;dlg;rc2;rct;bin;rgs;gif;jpg;jpeg;jpe;resx;tiff;tif;png;wav;mfcribbon-ms</Extensions>
    </Filter>
    <Filter Include="Element">
      <UniqueIdentifier>{b979adae-7a15-4d37-9513-518246997097}</UniqueIdentifier>
    </Filter>
    <Filter Include="Drive">
      <UniqueIdentifier>{83089a30-9caf-44de-9d54-27d1d5626ce8}</UniqueIdentifier>
    </Filter>
    <Filter Include="GLSL">
      <UniqueIdentifier>{37d1f8d4-5cc3-4716-a371-10d9de77e8f9}</UniqueIdentifier>
    </Filter>
    <Filter Include="Drive\LocalDriver">
      <UniqueIdentifier>{31611e26-73a8-42b1-8e4d-032e7c830547}</UniqueIdentifier>
    </Filter>
    <Filter Include="Drive\GlocalDriver">
      <UniqueIdentifier>{dae1fb14-f85e-418a-a514-ac40ae118cef}</UniqueIdentifier>
    </Filter>
    <Filter Include="Resource">
      <UniqueIdentifier>{7022aa16-6779-4088-8f13-b966803bad37}</UniqueIdentifier>
    </Filter>
    <Filter Include="Scene">
      <UniqueIdentifier>{c3917127-0f25-456f-a919-e0ff200f8a87}</UniqueIdentifier>
    </Filter>
    <Filter Include="Tinyxml">
      <UniqueIdentifier>{6104cd22-ca46-408f-8e89-9bc719021e85}</UniqueIdentifier>
    </Filter>
    <Filter Include="Scxmlexample">
      <UniqueIdentifier>{3e67a20a-33e7-4d5e-b344-e45641790565}</UniqueIdentifier>
    </Filter>
    <Filter Include="main">
      <UniqueIdentifier>{f81dee31-c9d4-4d2c-9eca-b65713c7943d}</UniqueIdentifier>
    </Filter>
  </ItemGroup>
  <ItemGroup>
    <ClInclude Include="include\Drive\GlobalDriver\GlobalDebugoutDriver.h">
      <Filter>Drive\GlocalDriver</Filter>
    </ClInclude>
    <ClInclude Include="include\Drive\GlobalDriver\GlobalDriver.h">
      <Filter>Drive\GlocalDriver</Filter>
    </ClInclude>
    <ClInclude Include="include\Drive\GlobalDriver\GlobalIODriver.h">
      <Filter>Drive\GlocalDriver</Filter>
    </ClInclude>
    <ClInclude Include="include\Drive\GlobalDriver\GlobalLightRendDriver.h">
      <Filter>Drive\GlocalDriver</Filter>
    </ClInclude>
    <ClInclude Include="include\Drive\GlobalDriver\GlobalLogicDriver.h">
      <Filter>Drive\GlocalDriver</Filter>
    </ClInclude>
    <ClInclude Include="include\Drive\GlobalDriver\GlobalSyncDriver.h">
      <Filter>Drive\GlocalDriver</Filter>
    </ClInclude>
    <ClInclude Include="include\Drive\GlobalDriver\LocalRendDriver.h">
      <Filter>Drive\GlocalDriver</Filter>
    </ClInclude>
    <ClInclude Include="include\Drive\LocalDriver\LocalDriver.h">
      <Filter>Drive\LocalDriver</Filter>
    </ClInclude>
    <ClInclude Include="include\Drive\LocalDriver\LocalLightDriver.h">
      <Filter>Drive\LocalDriver</Filter>
    </ClInclude>
    <ClInclude Include="include\Drive\LocalDriver\LocalRendDriver.h">
      <Filter>Drive\LocalDriver</Filter>
    </ClInclude>
    <ClInclude Include="include\Drive\Driver.h">
      <Filter>Drive</Filter>
    </ClInclude>
    <ClInclude Include="include\Drive\LocalDriver.h">
      <Filter>Drive</Filter>
    </ClInclude>
    <ClInclude Include="include\Element\CameraElement.h">
      <Filter>Element</Filter>
    </ClInclude>
    <ClInclude Include="include\Element\CubeElement.h">
      <Filter>Element</Filter>
    </ClInclude>
    <ClInclude Include="include\Element\Element.h">
      <Filter>Element</Filter>
    </ClInclude>
    <ClInclude Include="include\Element\LightElement.h">
      <Filter>Element</Filter>
    </ClInclude>
    <ClInclude Include="include\Element\ObjectElement.h">
      <Filter>Element</Filter>
    </ClInclude>
    <ClInclude Include="include\Element\SkyboxElement.h">
      <Filter>Element</Filter>
    </ClInclude>
    <ClInclude Include="include\Resource\CubeResource.h">
      <Filter>Resource</Filter>
    </ClInclude>
    <ClInclude Include="include\Resource\MeshResource.h">
      <Filter>Resource</Filter>
    </ClInclude>
    <ClInclude Include="include\Resource\ModelResource.h">
      <Filter>Resource</Filter>
    </ClInclude>
    <ClInclude Include="include\Resource\Resource.h">
      <Filter>Resource</Filter>
    </ClInclude>
    <ClInclude Include="include\Resource\ShaderResource.h">
      <Filter>Resource</Filter>
    </ClInclude>
    <ClInclude Include="include\Resource\SkyboxResource.h">
      <Filter>Resource</Filter>
    </ClInclude>
    <ClInclude Include="include\Resource\TextureResource.h">
      <Filter>Resource</Filter>
    </ClInclude>
    <ClInclude Include="include\Resource\Window.h">
      <Filter>Resource</Filter>
    </ClInclude>
    <ClInclude Include="include\Scene\Scene.h">
      <Filter>Scene</Filter>
    </ClInclude>
    <ClInclude Include="include\Scene\SceneContent.h">
      <Filter>Scene</Filter>
    </ClInclude>
    <ClInclude Include="include\Tinyxml\tinystr.h">
      <Filter>Tinyxml</Filter>
    </ClInclude>
    <ClInclude Include="include\Tinyxml\tinyxml.h">
      <Filter>Tinyxml</Filter>
    </ClInclude>
    <ClInclude Include="XYY_Game_Engine.h">
      <Filter>源文件</Filter>
    </ClInclude>
  </ItemGroup>
  <ItemGroup>
    <ClCompile Include="include\Drive\GlobalDriver\GlobalDebugoutDriver.cpp">
      <Filter>Drive\GlocalDriver</Filter>
    </ClCompile>
    <ClCompile Include="include\Drive\GlobalDriver\GlobalIODriver.cpp">
      <Filter>Drive\GlocalDriver</Filter>
    </ClCompile>
    <ClCompile Include="include\Drive\GlobalDriver\GlobalLightRendDriver.cpp">
      <Filter>Drive\GlocalDriver</Filter>
    </ClCompile>
    <ClCompile Include="include\Drive\GlobalDriver\GlobalLogicDriver.cpp">
      <Filter>Drive\GlocalDriver</Filter>
    </ClCompile>
    <ClCompile Include="include\Drive\GlobalDriver\GlobalSyncDriver.cpp">
      <Filter>Drive\GlocalDriver</Filter>
    </ClCompile>
    <ClCompile Include="include\Drive\LocalDriver\LocalLightDriver.cpp">
      <Filter>Drive\LocalDriver</Filter>
    </ClCompile>
    <ClCompile Include="include\Drive\LocalDriver\LocalRendDriver.cpp">
      <Filter>Drive\LocalDriver</Filter>
    </ClCompile>
    <ClCompile Include="include\Element\CameraElement.cpp">
      <Filter>Element</Filter>
    </ClCompile>
    <ClCompile Include="include\Element\CubeElement.cpp">
      <Filter>Element</Filter>
    </ClCompile>
    <ClCompile Include="include\Element\Element.cpp">
      <Filter>Element</Filter>
    </ClCompile>
    <ClCompile Include="include\Element\LightElement.cpp">
      <Filter>Element</Filter>
    </ClCompile>
    <ClCompile Include="include\Element\ObjectElement.cpp">
      <Filter>Element</Filter>
    </ClCompile>
    <ClCompile Include="include\Element\SkyboxElement.cpp">
      <Filter>Element</Filter>
    </ClCompile>
    <ClCompile Include="include\Resource\CubeResource.cpp">
      <Filter>Resource</Filter>
    </ClCompile>
    <ClCompile Include="include\Resource\MeshResource.cpp">
      <Filter>Resource</Filter>
    </ClCompile>
    <ClCompile Include="include\Resource\ModelResource.cpp">
      <Filter>Resource</Filter>
    </ClCompile>
    <ClCompile Include="include\Resource\Resource.cpp">
      <Filter>Resource</Filter>
    </ClCompile>
    <ClCompile Include="include\Resource\ShaderResource.cpp">
      <Filter>Resource</Filter>
    </ClCompile>
    <ClCompile Include="include\Resource\SkyboxResource.cpp">
      <Filter>Resource</Filter>
    </ClCompile>
    <ClCompile Include="include\Resource\TextureResource.cpp">
      <Filter>Resource</Filter>
    </ClCompile>
    <ClCompile Include="include\Resource\Window.cpp">
      <Filter>Resource</Filter>
    </ClCompile>
    <ClCompile Include="include\Scene\Scene.cpp">
      <Filter>Scene</Filter>
    </ClCompile>
    <ClCompile Include="include\Scene\SceneContent.cpp">
      <Filter>Scene</Filter>
    </ClCompile>
    <ClCompile Include="include\Tinyxml\tinystr.cpp">
      <Filter>Tinyxml</Filter>
    </ClCompile>
    <ClCompile Include="include\Tinyxml\tinyxml.cpp">
      <Filter>Tinyxml</Filter>
    </ClCompile>
    <ClCompile Include="include\Tinyxml\tinyxmlerror.cpp">
      <Filter>Tinyxml</Filter>
    </ClCompile>
    <ClCompile Include="include\Tinyxml\tinyxmlparser.cpp">
      <Filter>Tinyxml</Filter>
    </ClCompile>
    <ClCompile Include="dependence\include\glad.c">
      <Filter>源文件</Filter>
    </ClCompile>
    <ClCompile Include="XYY_Game_Engine.cpp">
      <Filter>源文件</Filter>
    </ClCompile>
    <ClCompile Include="main.cpp">
      <Filter>main</Filter>
    </ClCompile>
  </ItemGroup>
  <ItemGroup>
    <None Include="include\GLSL\cube.frag">
      <Filter>GLSL</Filter>
    </None>
    <None Include="include\GLSL\cube.vert">
      <Filter>GLSL</Filter>
    </None>
    <None Include="include\GLSL\light.frag">
      <Filter>GLSL</Filter>
    </None>
    <None Include="include\GLSL\light.vert">
      <Filter>GLSL</Filter>
    </None>
    <None Include="include\GLSL\object.frag">
      <Filter>GLSL</Filter>
    </None>
    <None Include="include\GLSL\object.vert">
      <Filter>GLSL</Filter>
    </None>
    <None Include="include\GLSL\shader.frag">
      <Filter>GLSL</Filter>
    </None>
    <None Include="include\GLSL\shader.vert">
      <Filter>GLSL</Filter>
    </None>
    <None Include="include\GLSL\skybox.frag">
      <Filter>GLSL</Filter>
    </None>
    <None Include="include\GLSL\skybox.vert">
      <Filter>GLSL</Filter>
    </None>
  </ItemGroup>
  <ItemGroup>
    <Xml Include="include\Scxmlexample\coordinate.xml">
      <Filter>Scxmlexample</Filter>
    </Xml>
    <Xml Include="include\Scxmlexample\ground.xml">
      <Filter>Scxmlexample</Filter>
    </Xml>
    <Xml Include="include\Scxmlexample\Helloworld.xml">
      <Filter>Scxmlexample</Filter>
    </Xml>
    <Xml Include="include\Scxmlexample\zzuele.xml">
      <Filter>Scxmlexample</Filter>
    </Xml>
  </ItemGroup>
</Project>